
Microsoft Visual Studio Solution File, Format Version 12.00
# Visual Studio Version 17
VisualStudioVersion = 17.7.34202.233
MinimumVisualStudioVersion = 10.0.40219.1
Project("{9A19103F-16F7-4668-BE54-9A1E7A4F7556}") = "API", "API\API.csproj", "{5F35EDA2-E95F-4537-9CC3-08A2B7787568}"
EndProject
Project("{FAE04EC0-301F-11D3-BF4B-00C04F79EFBC}") = "Core", "Core\Core.csproj", "{F3742BBA-53C6-49BF-BF43-A17A6BBC0AE6}"
EndProject
Project("{FAE04EC0-301F-11D3-BF4B-00C04F79EFBC}") = "Infrastructure", "Infrastructure\Infrastructure.csproj", "{21164E6F-8686-462C-A824-BD08404BD393}"
EndProject
Global
	GlobalSection(SolutionConfigurationPlatforms) = preSolution
		Debug|Any CPU = Debug|Any CPU
		Release|Any CPU = Release|Any CPU
	EndGlobalSection
	GlobalSection(ProjectConfigurationPlatforms) = postSolution
		{5F35EDA2-E95F-4537-9CC3-08A2B7787568}.Debug|Any CPU.ActiveCfg = Debug|Any CPU
		{5F35EDA2-E95F-4537-9CC3-08A2B7787568}.Debug|Any CPU.Build.0 = Debug|Any CPU
		{5F35EDA2-E95F-4537-9CC3-08A2B7787568}.Release|Any CPU.ActiveCfg = Release|Any CPU
		{5F35EDA2-E95F-4537-9CC3-08A2B7787568}.Release|Any CPU.Build.0 = Release|Any CPU
		{F3742BBA-53C6-49BF-BF43-A17A6BBC0AE6}.Debug|Any CPU.ActiveCfg = Debug|Any CPU
		{F3742BBA-53C6-49BF-BF43-A17A6BBC0AE6}.Debug|Any CPU.Build.0 = Debug|Any CPU
		{F3742BBA-53C6-49BF-BF43-A17A6BBC0AE6}.Release|Any CPU.ActiveCfg = Release|Any CPU
		{F3742BBA-53C6-49BF-BF43-A17A6BBC0AE6}.Release|Any CPU.Build.0 = Release|Any CPU
		{21164E6F-8686-462C-A824-BD08404BD393}.Debug|Any CPU.ActiveCfg = Debug|Any CPU
		{21164E6F-8686-462C-A824-BD08404BD393}.Debug|Any CPU.Build.0 = Debug|Any CPU
		{21164E6F-8686-462C-A824-BD08404BD393}.Release|Any CPU.ActiveCfg = Release|Any CPU
		{21164E6F-8686-462C-A824-BD08404BD393}.Release|Any CPU.Build.0 = Release|Any CPU
	EndGlobalSection
	GlobalSection(SolutionProperties) = preSolution
		HideSolutionNode = FALSE
	EndGlobalSection
	GlobalSection(ExtensibilityGlobals) = postSolution
		SolutionGuid = {AAA36ED2-30F4-42B9-B51A-ABBA59FFA803}
	EndGlobalSection
EndGlobal
